
Microsoft Visual Studio Solution File, Format Version 12.00
# Visual Studio Version 17
VisualStudioVersion = 17.7.34031.279
MinimumVisualStudioVersion = 10.0.40219.1
Project("{9A19103F-16F7-4668-BE54-9A1E7A4F7556}") = "Hallo-Doc", "Hallo-Doc\Hallo-Doc.csproj", "{2BC95547-EC29-4BFB-AAAA-EB684B998FDA}"
EndProject
Project("{FAE04EC0-301F-11D3-BF4B-00C04F79EFBC}") = "Hallo-Doc.Entity", "Hallo-Doc.Entity\Hallo-Doc.Entity.csproj", "{3B3145FA-BFE6-416A-A82F-117B64AE3D02}"
EndProject
Project("{FAE04EC0-301F-11D3-BF4B-00C04F79EFBC}") = "Hallo-Doc.Repository", "Hallo-Doc.Repository\Hallo-Doc.Repository.csproj", "{2C101643-5FBA-412B-939E-8167205BAD81}"
EndProject
Global
	GlobalSection(SolutionConfigurationPlatforms) = preSolution
		Debug|Any CPU = Debug|Any CPU
		Release|Any CPU = Release|Any CPU
	EndGlobalSection
	GlobalSection(ProjectConfigurationPlatforms) = postSolution
		{2BC95547-EC29-4BFB-AAAA-EB684B998FDA}.Debug|Any CPU.ActiveCfg = Debug|Any CPU
		{2BC95547-EC29-4BFB-AAAA-EB684B998FDA}.Debug|Any CPU.Build.0 = Debug|Any CPU
		{2BC95547-EC29-4BFB-AAAA-EB684B998FDA}.Release|Any CPU.ActiveCfg = Release|Any CPU
		{2BC95547-EC29-4BFB-AAAA-EB684B998FDA}.Release|Any CPU.Build.0 = Release|Any CPU
		{3B3145FA-BFE6-416A-A82F-117B64AE3D02}.Debug|Any CPU.ActiveCfg = Debug|Any CPU
		{3B3145FA-BFE6-416A-A82F-117B64AE3D02}.Debug|Any CPU.Build.0 = Debug|Any CPU
		{3B3145FA-BFE6-416A-A82F-117B64AE3D02}.Release|Any CPU.ActiveCfg = Release|Any CPU
		{3B3145FA-BFE6-416A-A82F-117B64AE3D02}.Release|Any CPU.Build.0 = Release|Any CPU
		{2C101643-5FBA-412B-939E-8167205BAD81}.Debug|Any CPU.ActiveCfg = Debug|Any CPU
		{2C101643-5FBA-412B-939E-8167205BAD81}.Debug|Any CPU.Build.0 = Debug|Any CPU
		{2C101643-5FBA-412B-939E-8167205BAD81}.Release|Any CPU.ActiveCfg = Release|Any CPU
		{2C101643-5FBA-412B-939E-8167205BAD81}.Release|Any CPU.Build.0 = Release|Any CPU
	EndGlobalSection
	GlobalSection(SolutionProperties) = preSolution
		HideSolutionNode = FALSE
	EndGlobalSection
	GlobalSection(ExtensibilityGlobals) = postSolution
		SolutionGuid = {0ADACE28-4876-4E53-BA62-0A4E3F427D75}
	EndGlobalSection
EndGlobal
